// !$*UTF8*$!
{
	archiveVersion = 1;
	classes = {
	};
	objectVersion = 46;
	objects = {

/* Begin PBXBuildFile section */
		D0DEA75A1CEEAAF50036C7BA /* main.m in Sources */ = {isa = PBXBuildFile; fileRef = D0DEA7591CEEAAF50036C7BA /* main.m */; };
		D0DEA75D1CEEAAF50036C7BA /* AppDelegate.m in Sources */ = {isa = PBXBuildFile; fileRef = D0DEA75C1CEEAAF50036C7BA /* AppDelegate.m */; };
		D0DEA7631CEEAAF50036C7BA /* Main.storyboard in Resources */ = {isa = PBXBuildFile; fileRef = D0DEA7611CEEAAF50036C7BA /* Main.storyboard */; };
		D0DEA7651CEEAAF50036C7BA /* Assets.xcassets in Resources */ = {isa = PBXBuildFile; fileRef = D0DEA7641CEEAAF50036C7BA /* Assets.xcassets */; };
		D0DEA7681CEEAAF50036C7BA /* LaunchScreen.storyboard in Resources */ = {isa = PBXBuildFile; fileRef = D0DEA7661CEEAAF50036C7BA /* LaunchScreen.storyboard */; };
		D0E6F2BC1CF0038C004DC01E /* MJRefreshAutoFooter.m in Sources */ = {isa = PBXBuildFile; fileRef = D0E6F2921CF0038C004DC01E /* MJRefreshAutoFooter.m */; };
		D0E6F2BD1CF0038C004DC01E /* MJRefreshBackFooter.m in Sources */ = {isa = PBXBuildFile; fileRef = D0E6F2941CF0038C004DC01E /* MJRefreshBackFooter.m */; };
		D0E6F2BE1CF0038C004DC01E /* MJRefreshComponent.m in Sources */ = {isa = PBXBuildFile; fileRef = D0E6F2961CF0038C004DC01E /* MJRefreshComponent.m */; };
		D0E6F2BF1CF0038C004DC01E /* MJRefreshFooter.m in Sources */ = {isa = PBXBuildFile; fileRef = D0E6F2981CF0038C004DC01E /* MJRefreshFooter.m */; };
		D0E6F2C01CF0038C004DC01E /* MJRefreshHeader.m in Sources */ = {isa = PBXBuildFile; fileRef = D0E6F29A1CF0038C004DC01E /* MJRefreshHeader.m */; };
		D0E6F2C11CF0038C004DC01E /* MJRefreshAutoGifFooter.m in Sources */ = {isa = PBXBuildFile; fileRef = D0E6F29F1CF0038C004DC01E /* MJRefreshAutoGifFooter.m */; };
		D0E6F2C21CF0038C004DC01E /* MJRefreshAutoNormalFooter.m in Sources */ = {isa = PBXBuildFile; fileRef = D0E6F2A11CF0038C004DC01E /* MJRefreshAutoNormalFooter.m */; };
		D0E6F2C31CF0038C004DC01E /* MJRefreshAutoStateFooter.m in Sources */ = {isa = PBXBuildFile; fileRef = D0E6F2A31CF0038C004DC01E /* MJRefreshAutoStateFooter.m */; };
		D0E6F2C41CF0038C004DC01E /* MJRefreshBackGifFooter.m in Sources */ = {isa = PBXBuildFile; fileRef = D0E6F2A61CF0038C004DC01E /* MJRefreshBackGifFooter.m */; };
		D0E6F2C51CF0038C004DC01E /* MJRefreshBackNormalFooter.m in Sources */ = {isa = PBXBuildFile; fileRef = D0E6F2A81CF0038C004DC01E /* MJRefreshBackNormalFooter.m */; };
		D0E6F2C61CF0038C004DC01E /* MJRefreshBackStateFooter.m in Sources */ = {isa = PBXBuildFile; fileRef = D0E6F2AA1CF0038C004DC01E /* MJRefreshBackStateFooter.m */; };
		D0E6F2C71CF0038C004DC01E /* MJRefreshGifHeader.m in Sources */ = {isa = PBXBuildFile; fileRef = D0E6F2AD1CF0038C004DC01E /* MJRefreshGifHeader.m */; };
		D0E6F2C81CF0038C004DC01E /* MJRefreshNormalHeader.m in Sources */ = {isa = PBXBuildFile; fileRef = D0E6F2AF1CF0038C004DC01E /* MJRefreshNormalHeader.m */; };
		D0E6F2C91CF0038C004DC01E /* MJRefreshStateHeader.m in Sources */ = {isa = PBXBuildFile; fileRef = D0E6F2B11CF0038C004DC01E /* MJRefreshStateHeader.m */; };
		D0E6F2CA1CF0038C004DC01E /* MJRefresh.bundle in Resources */ = {isa = PBXBuildFile; fileRef = D0E6F2B21CF0038C004DC01E /* MJRefresh.bundle */; };
		D0E6F2CB1CF0038C004DC01E /* MJRefreshConst.m in Sources */ = {isa = PBXBuildFile; fileRef = D0E6F2B51CF0038C004DC01E /* MJRefreshConst.m */; };
		D0E6F2CC1CF0038C004DC01E /* UIScrollView+MJExtension.m in Sources */ = {isa = PBXBuildFile; fileRef = D0E6F2B71CF0038C004DC01E /* UIScrollView+MJExtension.m */; };
		D0E6F2CD1CF0038C004DC01E /* UIScrollView+MJRefresh.m in Sources */ = {isa = PBXBuildFile; fileRef = D0E6F2B91CF0038C004DC01E /* UIScrollView+MJRefresh.m */; };
		D0E6F2CE1CF0038C004DC01E /* UIView+MJExtension.m in Sources */ = {isa = PBXBuildFile; fileRef = D0E6F2BB1CF0038C004DC01E /* UIView+MJExtension.m */; };
		D0E6F2DD1CF004A0004DC01E /* AFHTTPSessionManager.m in Sources */ = {isa = PBXBuildFile; fileRef = D0E6F2D11CF004A0004DC01E /* AFHTTPSessionManager.m */; };
		D0E6F2DE1CF004A0004DC01E /* AFNetworkReachabilityManager.m in Sources */ = {isa = PBXBuildFile; fileRef = D0E6F2D41CF004A0004DC01E /* AFNetworkReachabilityManager.m */; };
		D0E6F2DF1CF004A0004DC01E /* AFSecurityPolicy.m in Sources */ = {isa = PBXBuildFile; fileRef = D0E6F2D61CF004A0004DC01E /* AFSecurityPolicy.m */; };
		D0E6F2E01CF004A0004DC01E /* AFURLRequestSerialization.m in Sources */ = {isa = PBXBuildFile; fileRef = D0E6F2D81CF004A0004DC01E /* AFURLRequestSerialization.m */; };
		D0E6F2E11CF004A0004DC01E /* AFURLResponseSerialization.m in Sources */ = {isa = PBXBuildFile; fileRef = D0E6F2DA1CF004A0004DC01E /* AFURLResponseSerialization.m */; };
		D0E6F2E21CF004A0004DC01E /* AFURLSessionManager.m in Sources */ = {isa = PBXBuildFile; fileRef = D0E6F2DC1CF004A0004DC01E /* AFURLSessionManager.m */; };
		D0E6F2E51CF004DC004DC01E /* AFAppDotNetAPIClient.m in Sources */ = {isa = PBXBuildFile; fileRef = D0E6F2E41CF004DC004DC01E /* AFAppDotNetAPIClient.m */; };
		D0E821581D12960A00C21439 /* MJExtensionConst.m in Sources */ = {isa = PBXBuildFile; fileRef = D0E821451D12960A00C21439 /* MJExtensionConst.m */; };
		D0E821591D12960A00C21439 /* MJFoundation.m in Sources */ = {isa = PBXBuildFile; fileRef = D0E821471D12960A00C21439 /* MJFoundation.m */; };
		D0E8215A1D12960A00C21439 /* MJProperty.m in Sources */ = {isa = PBXBuildFile; fileRef = D0E821491D12960A00C21439 /* MJProperty.m */; };
		D0E8215B1D12960A00C21439 /* MJPropertyKey.m in Sources */ = {isa = PBXBuildFile; fileRef = D0E8214B1D12960A00C21439 /* MJPropertyKey.m */; };
		D0E8215C1D12960A00C21439 /* MJPropertyType.m in Sources */ = {isa = PBXBuildFile; fileRef = D0E8214D1D12960A00C21439 /* MJPropertyType.m */; };
		D0E8215D1D12960A00C21439 /* NSObject+MJClass.m in Sources */ = {isa = PBXBuildFile; fileRef = D0E8214F1D12960A00C21439 /* NSObject+MJClass.m */; };
		D0E8215E1D12960A00C21439 /* NSObject+MJCoding.m in Sources */ = {isa = PBXBuildFile; fileRef = D0E821511D12960A00C21439 /* NSObject+MJCoding.m */; };
		D0E8215F1D12960A00C21439 /* NSObject+MJKeyValue.m in Sources */ = {isa = PBXBuildFile; fileRef = D0E821531D12960A00C21439 /* NSObject+MJKeyValue.m */; };
		D0E821601D12960A00C21439 /* NSObject+MJProperty.m in Sources */ = {isa = PBXBuildFile; fileRef = D0E821551D12960A00C21439 /* NSObject+MJProperty.m */; };
		D0E821611D12960A00C21439 /* NSString+MJExtension.m in Sources */ = {isa = PBXBuildFile; fileRef = D0E821571D12960A00C21439 /* NSString+MJExtension.m */; };
		D0EA64DA1CF2A24A00E93EDC /* SubRefreshTVController.m in Sources */ = {isa = PBXBuildFile; fileRef = D0EA64C01CF2A24A00E93EDC /* SubRefreshTVController.m */; };
		D0EA64DC1CF2A24A00E93EDC /* SubRefreshModel.m in Sources */ = {isa = PBXBuildFile; fileRef = D0EA64C61CF2A24A00E93EDC /* SubRefreshModel.m */; };
		D0EA64DD1CF2A24A00E93EDC /* SubRefreshTwoTableViewCell.m in Sources */ = {isa = PBXBuildFile; fileRef = D0EA64C91CF2A24A00E93EDC /* SubRefreshTwoTableViewCell.m */; };
		D0EA64DE1CF2A24A00E93EDC /* SubRefreshTwoTableViewCell.xib in Resources */ = {isa = PBXBuildFile; fileRef = D0EA64CA1CF2A24A00E93EDC /* SubRefreshTwoTableViewCell.xib */; };
		D0EA64DF1CF2A24A00E93EDC /* SubRefreshOneTableViewCell.m in Sources */ = {isa = PBXBuildFile; fileRef = D0EA64CC1CF2A24A00E93EDC /* SubRefreshOneTableViewCell.m */; };
		D0EA64E01CF2A24A00E93EDC /* SubRefreshOneTableViewCell.xib in Resources */ = {isa = PBXBuildFile; fileRef = D0EA64CD1CF2A24A00E93EDC /* SubRefreshOneTableViewCell.xib */; };
		D0EA64E11CF2A24A00E93EDC /* SubGroupViewController.m in Sources */ = {isa = PBXBuildFile; fileRef = D0EA64D11CF2A24A00E93EDC /* SubGroupViewController.m */; };
		D0EA64E21CF2A24A00E93EDC /* SubPlainViewController.m in Sources */ = {isa = PBXBuildFile; fileRef = D0EA64D31CF2A24A00E93EDC /* SubPlainViewController.m */; };
		D0EA64E31CF2A24A00E93EDC /* SubTableViewCell.m in Sources */ = {isa = PBXBuildFile; fileRef = D0EA64D81CF2A24A00E93EDC /* SubTableViewCell.m */; };
		D0EA64E41CF2A24A00E93EDC /* SubTableViewCell.xib in Resources */ = {isa = PBXBuildFile; fileRef = D0EA64D91CF2A24A00E93EDC /* SubTableViewCell.xib */; };
		D0EA64E71CF2A29F00E93EDC /* SubRefreshTVDataSource.m in Sources */ = {isa = PBXBuildFile; fileRef = D0EA64E61CF2A29F00E93EDC /* SubRefreshTVDataSource.m */; };
		D0EA65041CF2A37500E93EDC /* UITableView+RegisterNib.m in Sources */ = {isa = PBXBuildFile; fileRef = D0EA64EB1CF2A37500E93EDC /* UITableView+RegisterNib.m */; };
		D0EA65051CF2A37500E93EDC /* UITableViewCell+ConfigModel.m in Sources */ = {isa = PBXBuildFile; fileRef = D0EA64ED1CF2A37500E93EDC /* UITableViewCell+ConfigModel.m */; };
		D0EA65061CF2A37500E93EDC /* KLTableViewRowItem.m in Sources */ = {isa = PBXBuildFile; fileRef = D0EA64F01CF2A37500E93EDC /* KLTableViewRowItem.m */; };
		D0EA65071CF2A37500E93EDC /* KLTableViewSectionObject.m in Sources */ = {isa = PBXBuildFile; fileRef = D0EA64F21CF2A37500E93EDC /* KLTableViewSectionObject.m */; };
		D0EA65081CF2A37500E93EDC /* KLTableViewDataSource.m in Sources */ = {isa = PBXBuildFile; fileRef = D0EA64F51CF2A37500E93EDC /* KLTableViewDataSource.m */; };
		D0EA65091CF2A37500E93EDC /* KLHttpManager.m in Sources */ = {isa = PBXBuildFile; fileRef = D0EA64F81CF2A37500E93EDC /* KLHttpManager.m */; };
		D0EA650A1CF2A37500E93EDC /* KLLoadDataModel.m in Sources */ = {isa = PBXBuildFile; fileRef = D0EA64FB1CF2A37500E93EDC /* KLLoadDataModel.m */; };
		D0EA650B1CF2A37500E93EDC /* KLTableView.m in Sources */ = {isa = PBXBuildFile; fileRef = D0EA64FE1CF2A37500E93EDC /* KLTableView.m */; };
		D0EA650C1CF2A37500E93EDC /* KLBaseTableViewController.m in Sources */ = {isa = PBXBuildFile; fileRef = D0EA65011CF2A37500E93EDC /* KLBaseTableViewController.m */; };
		D0EA650D1CF2A37500E93EDC /* KLRefreshTableViewController.m in Sources */ = {isa = PBXBuildFile; fileRef = D0EA65031CF2A37500E93EDC /* KLRefreshTableViewController.m */; };
		D0EA65101CF2A3AC00E93EDC /* SubPlainDataSource.m in Sources */ = {isa = PBXBuildFile; fileRef = D0EA650F1CF2A3AC00E93EDC /* SubPlainDataSource.m */; };
		D0EA65131CF2A3BD00E93EDC /* SubGroupDataSource.m in Sources */ = {isa = PBXBuildFile; fileRef = D0EA65121CF2A3BD00E93EDC /* SubGroupDataSource.m */; };
		D0F5D6271D02CE630014C0E9 /* CellCallbackTVController.m in Sources */ = {isa = PBXBuildFile; fileRef = D0F5D6261D02CE630014C0E9 /* CellCallbackTVController.m */; };
		D0F5D62A1D02D4850014C0E9 /* SubCallbackDataSource.m in Sources */ = {isa = PBXBuildFile; fileRef = D0F5D6291D02D4850014C0E9 /* SubCallbackDataSource.m */; };
		D0F5D62D1D02D5990014C0E9 /* CallbackModel.m in Sources */ = {isa = PBXBuildFile; fileRef = D0F5D62C1D02D5990014C0E9 /* CallbackModel.m */; };
		D0F5D6311D02D60B0014C0E9 /* CallbackCell.m in Sources */ = {isa = PBXBuildFile; fileRef = D0F5D62F1D02D60B0014C0E9 /* CallbackCell.m */; };
		D0F5D6321D02D60B0014C0E9 /* CallbackCell.xib in Resources */ = {isa = PBXBuildFile; fileRef = D0F5D6301D02D60B0014C0E9 /* CallbackCell.xib */; };
		D0F5D6361D02D6AE0014C0E9 /* yellow.jpeg in Resources */ = {isa = PBXBuildFile; fileRef = D0F5D6351D02D6AE0014C0E9 /* yellow.jpeg */; };
/* End PBXBuildFile section */

/* Begin PBXFileReference section */
		D0DEA7551CEEAAF50036C7BA /* KLBaseTableView.app */ = {isa = PBXFileReference; explicitFileType = wrapper.application; includeInIndex = 0; path = KLBaseTableView.app; sourceTree = BUILT_PRODUCTS_DIR; };
		D0DEA7591CEEAAF50036C7BA /* main.m */ = {isa = PBXFileReference; lastKnownFileType = sourcecode.c.objc; path = main.m; sourceTree = "<group>"; };
		D0DEA75B1CEEAAF50036C7BA /* AppDelegate.h */ = {isa = PBXFileReference; lastKnownFileType = sourcecode.c.h; path = AppDelegate.h; sourceTree = "<group>"; };
		D0DEA75C1CEEAAF50036C7BA /* AppDelegate.m */ = {isa = PBXFileReference; lastKnownFileType = sourcecode.c.objc; path = AppDelegate.m; sourceTree = "<group>"; };
		D0DEA7621CEEAAF50036C7BA /* Base */ = {isa = PBXFileReference; lastKnownFileType = file.storyboard; name = Base; path = Base.lproj/Main.storyboard; sourceTree = "<group>"; };
		D0DEA7641CEEAAF50036C7BA /* Assets.xcassets */ = {isa = PBXFileReference; lastKnownFileType = folder.assetcatalog; path = Assets.xcassets; sourceTree = "<group>"; };
		D0DEA7671CEEAAF50036C7BA /* Base */ = {isa = PBXFileReference; lastKnownFileType = file.storyboard; name = Base; path = Base.lproj/LaunchScreen.storyboard; sourceTree = "<group>"; };
		D0DEA7691CEEAAF50036C7BA /* Info.plist */ = {isa = PBXFileReference; lastKnownFileType = text.plist.xml; path = Info.plist; sourceTree = "<group>"; };
		D0E6F2911CF0038C004DC01E /* MJRefreshAutoFooter.h */ = {isa = PBXFileReference; fileEncoding = 4; lastKnownFileType = sourcecode.c.h; path = MJRefreshAutoFooter.h; sourceTree = "<group>"; };
		D0E6F2921CF0038C004DC01E /* MJRefreshAutoFooter.m */ = {isa = PBXFileReference; fileEncoding = 4; lastKnownFileType = sourcecode.c.objc; path = MJRefreshAutoFooter.m; sourceTree = "<group>"; };
		D0E6F2931CF0038C004DC01E /* MJRefreshBackFooter.h */ = {isa = PBXFileReference; fileEncoding = 4; lastKnownFileType = sourcecode.c.h; path = MJRefreshBackFooter.h; sourceTree = "<group>"; };
		D0E6F2941CF0038C004DC01E /* MJRefreshBackFooter.m */ = {isa = PBXFileReference; fileEncoding = 4; lastKnownFileType = sourcecode.c.objc; path = MJRefreshBackFooter.m; sourceTree = "<group>"; };
		D0E6F2951CF0038C004DC01E /* MJRefreshComponent.h */ = {isa = PBXFileReference; fileEncoding = 4; lastKnownFileType = sourcecode.c.h; path = MJRefreshComponent.h; sourceTree = "<group>"; };
		D0E6F2961CF0038C004DC01E /* MJRefreshComponent.m */ = {isa = PBXFileReference; fileEncoding = 4; lastKnownFileType = sourcecode.c.objc; path = MJRefreshComponent.m; sourceTree = "<group>"; };
		D0E6F2971CF0038C004DC01E /* MJRefreshFooter.h */ = {isa = PBXFileReference; fileEncoding = 4; lastKnownFileType = sourcecode.c.h; path = MJRefreshFooter.h; sourceTree = "<group>"; };
		D0E6F2981CF0038C004DC01E /* MJRefreshFooter.m */ = {isa = PBXFileReference; fileEncoding = 4; lastKnownFileType = sourcecode.c.objc; path = MJRefreshFooter.m; sourceTree = "<group>"; };
		D0E6F2991CF0038C004DC01E /* MJRefreshHeader.h */ = {isa = PBXFileReference; fileEncoding = 4; lastKnownFileType = sourcecode.c.h; path = MJRefreshHeader.h; sourceTree = "<group>"; };
		D0E6F29A1CF0038C004DC01E /* MJRefreshHeader.m */ = {isa = PBXFileReference; fileEncoding = 4; lastKnownFileType = sourcecode.c.objc; path = MJRefreshHeader.m; sourceTree = "<group>"; };
		D0E6F29E1CF0038C004DC01E /* MJRefreshAutoGifFooter.h */ = {isa = PBXFileReference; fileEncoding = 4; lastKnownFileType = sourcecode.c.h; path = MJRefreshAutoGifFooter.h; sourceTree = "<group>"; };
		D0E6F29F1CF0038C004DC01E /* MJRefreshAutoGifFooter.m */ = {isa = PBXFileReference; fileEncoding = 4; lastKnownFileType = sourcecode.c.objc; path = MJRefreshAutoGifFooter.m; sourceTree = "<group>"; };
		D0E6F2A01CF0038C004DC01E /* MJRefreshAutoNormalFooter.h */ = {isa = PBXFileReference; fileEncoding = 4; lastKnownFileType = sourcecode.c.h; path = MJRefreshAutoNormalFooter.h; sourceTree = "<group>"; };
		D0E6F2A11CF0038C004DC01E /* MJRefreshAutoNormalFooter.m */ = {isa = PBXFileReference; fileEncoding = 4; lastKnownFileType = sourcecode.c.objc; path = MJRefreshAutoNormalFooter.m; sourceTree = "<group>"; };
		D0E6F2A21CF0038C004DC01E /* MJRefreshAutoStateFooter.h */ = {isa = PBXFileReference; fileEncoding = 4; lastKnownFileType = sourcecode.c.h; path = MJRefreshAutoStateFooter.h; sourceTree = "<group>"; };
		D0E6F2A31CF0038C004DC01E /* MJRefreshAutoStateFooter.m */ = {isa = PBXFileReference; fileEncoding = 4; lastKnownFileType = sourcecode.c.objc; path = MJRefreshAutoStateFooter.m; sourceTree = "<group>"; };
		D0E6F2A51CF0038C004DC01E /* MJRefreshBackGifFooter.h */ = {isa = PBXFileReference; fileEncoding = 4; lastKnownFileType = sourcecode.c.h; path = MJRefreshBackGifFooter.h; sourceTree = "<group>"; };
		D0E6F2A61CF0038C004DC01E /* MJRefreshBackGifFooter.m */ = {isa = PBXFileReference; fileEncoding = 4; lastKnownFileType = sourcecode.c.objc; path = MJRefreshBackGifFooter.m; sourceTree = "<group>"; };
		D0E6F2A71CF0038C004DC01E /* MJRefreshBackNormalFooter.h */ = {isa = PBXFileReference; fileEncoding = 4; lastKnownFileType = sourcecode.c.h; path = MJRefreshBackNormalFooter.h; sourceTree = "<group>"; };
		D0E6F2A81CF0038C004DC01E /* MJRefreshBackNormalFooter.m */ = {isa = PBXFileReference; fileEncoding = 4; lastKnownFileType = sourcecode.c.objc; path = MJRefreshBackNormalFooter.m; sourceTree = "<group>"; };
		D0E6F2A91CF0038C004DC01E /* MJRefreshBackStateFooter.h */ = {isa = PBXFileReference; fileEncoding = 4; lastKnownFileType = sourcecode.c.h; path = MJRefreshBackStateFooter.h; sourceTree = "<group>"; };
		D0E6F2AA1CF0038C004DC01E /* MJRefreshBackStateFooter.m */ = {isa = PBXFileReference; fileEncoding = 4; lastKnownFileType = sourcecode.c.objc; path = MJRefreshBackStateFooter.m; sourceTree = "<group>"; };
		D0E6F2AC1CF0038C004DC01E /* MJRefreshGifHeader.h */ = {isa = PBXFileReference; fileEncoding = 4; lastKnownFileType = sourcecode.c.h; path = MJRefreshGifHeader.h; sourceTree = "<group>"; };
		D0E6F2AD1CF0038C004DC01E /* MJRefreshGifHeader.m */ = {isa = PBXFileReference; fileEncoding = 4; lastKnownFileType = sourcecode.c.objc; path = MJRefreshGifHeader.m; sourceTree = "<group>"; };
		D0E6F2AE1CF0038C004DC01E /* MJRefreshNormalHeader.h */ = {isa = PBXFileReference; fileEncoding = 4; lastKnownFileType = sourcecode.c.h; path = MJRefreshNormalHeader.h; sourceTree = "<group>"; };
		D0E6F2AF1CF0038C004DC01E /* MJRefreshNormalHeader.m */ = {isa = PBXFileReference; fileEncoding = 4; lastKnownFileType = sourcecode.c.objc; path = MJRefreshNormalHeader.m; sourceTree = "<group>"; };
		D0E6F2B01CF0038C004DC01E /* MJRefreshStateHeader.h */ = {isa = PBXFileReference; fileEncoding = 4; lastKnownFileType = sourcecode.c.h; path = MJRefreshStateHeader.h; sourceTree = "<group>"; };
		D0E6F2B11CF0038C004DC01E /* MJRefreshStateHeader.m */ = {isa = PBXFileReference; fileEncoding = 4; lastKnownFileType = sourcecode.c.objc; path = MJRefreshStateHeader.m; sourceTree = "<group>"; };
		D0E6F2B21CF0038C004DC01E /* MJRefresh.bundle */ = {isa = PBXFileReference; lastKnownFileType = "wrapper.plug-in"; path = MJRefresh.bundle; sourceTree = "<group>"; };
		D0E6F2B31CF0038C004DC01E /* MJRefresh.h */ = {isa = PBXFileReference; fileEncoding = 4; lastKnownFileType = sourcecode.c.h; path = MJRefresh.h; sourceTree = "<group>"; };
		D0E6F2B41CF0038C004DC01E /* MJRefreshConst.h */ = {isa = PBXFileReference; fileEncoding = 4; lastKnownFileType = sourcecode.c.h; path = MJRefreshConst.h; sourceTree = "<group>"; };
		D0E6F2B51CF0038C004DC01E /* MJRefreshConst.m */ = {isa = PBXFileReference; fileEncoding = 4; lastKnownFileType = sourcecode.c.objc; path = MJRefreshConst.m; sourceTree = "<group>"; };
		D0E6F2B61CF0038C004DC01E /* UIScrollView+MJExtension.h */ = {isa = PBXFileReference; fileEncoding = 4; lastKnownFileType = sourcecode.c.h; path = "UIScrollView+MJExtension.h"; sourceTree = "<group>"; };
		D0E6F2B71CF0038C004DC01E /* UIScrollView+MJExtension.m */ = {isa = PBXFileReference; fileEncoding = 4; lastKnownFileType = sourcecode.c.objc; path = "UIScrollView+MJExtension.m"; sourceTree = "<group>"; };
		D0E6F2B81CF0038C004DC01E /* UIScrollView+MJRefresh.h */ = {isa = PBXFileReference; fileEncoding = 4; lastKnownFileType = sourcecode.c.h; path = "UIScrollView+MJRefresh.h"; sourceTree = "<group>"; };
		D0E6F2B91CF0038C004DC01E /* UIScrollView+MJRefresh.m */ = {isa = PBXFileReference; fileEncoding = 4; lastKnownFileType = sourcecode.c.objc; path = "UIScrollView+MJRefresh.m"; sourceTree = "<group>"; };
		D0E6F2BA1CF0038C004DC01E /* UIView+MJExtension.h */ = {isa = PBXFileReference; fileEncoding = 4; lastKnownFileType = sourcecode.c.h; path = "UIView+MJExtension.h"; sourceTree = "<group>"; };
		D0E6F2BB1CF0038C004DC01E /* UIView+MJExtension.m */ = {isa = PBXFileReference; fileEncoding = 4; lastKnownFileType = sourcecode.c.objc; path = "UIView+MJExtension.m"; sourceTree = "<group>"; };
		D0E6F2D01CF004A0004DC01E /* AFHTTPSessionManager.h */ = {isa = PBXFileReference; fileEncoding = 4; lastKnownFileType = sourcecode.c.h; path = AFHTTPSessionManager.h; sourceTree = "<group>"; };
		D0E6F2D11CF004A0004DC01E /* AFHTTPSessionManager.m */ = {isa = PBXFileReference; fileEncoding = 4; lastKnownFileType = sourcecode.c.objc; path = AFHTTPSessionManager.m; sourceTree = "<group>"; };
		D0E6F2D21CF004A0004DC01E /* AFNetworking.h */ = {isa = PBXFileReference; fileEncoding = 4; lastKnownFileType = sourcecode.c.h; path = AFNetworking.h; sourceTree = "<group>"; };
		D0E6F2D31CF004A0004DC01E /* AFNetworkReachabilityManager.h */ = {isa = PBXFileReference; fileEncoding = 4; lastKnownFileType = sourcecode.c.h; path = AFNetworkReachabilityManager.h; sourceTree = "<group>"; };
		D0E6F2D41CF004A0004DC01E /* AFNetworkReachabilityManager.m */ = {isa = PBXFileReference; fileEncoding = 4; lastKnownFileType = sourcecode.c.objc; path = AFNetworkReachabilityManager.m; sourceTree = "<group>"; };
		D0E6F2D51CF004A0004DC01E /* AFSecurityPolicy.h */ = {isa = PBXFileReference; fileEncoding = 4; lastKnownFileType = sourcecode.c.h; path = AFSecurityPolicy.h; sourceTree = "<group>"; };
		D0E6F2D61CF004A0004DC01E /* AFSecurityPolicy.m */ = {isa = PBXFileReference; fileEncoding = 4; lastKnownFileType = sourcecode.c.objc; path = AFSecurityPolicy.m; sourceTree = "<group>"; };
		D0E6F2D71CF004A0004DC01E /* AFURLRequestSerialization.h */ = {isa = PBXFileReference; fileEncoding = 4; lastKnownFileType = sourcecode.c.h; path = AFURLRequestSerialization.h; sourceTree = "<group>"; };
		D0E6F2D81CF004A0004DC01E /* AFURLRequestSerialization.m */ = {isa = PBXFileReference; fileEncoding = 4; lastKnownFileType = sourcecode.c.objc; path = AFURLRequestSerialization.m; sourceTree = "<group>"; };
		D0E6F2D91CF004A0004DC01E /* AFURLResponseSerialization.h */ = {isa = PBXFileReference; fileEncoding = 4; lastKnownFileType = sourcecode.c.h; path = AFURLResponseSerialization.h; sourceTree = "<group>"; };
		D0E6F2DA1CF004A0004DC01E /* AFURLResponseSerialization.m */ = {isa = PBXFileReference; fileEncoding = 4; lastKnownFileType = sourcecode.c.objc; path = AFURLResponseSerialization.m; sourceTree = "<group>"; };
		D0E6F2DB1CF004A0004DC01E /* AFURLSessionManager.h */ = {isa = PBXFileReference; fileEncoding = 4; lastKnownFileType = sourcecode.c.h; path = AFURLSessionManager.h; sourceTree = "<group>"; };
		D0E6F2DC1CF004A0004DC01E /* AFURLSessionManager.m */ = {isa = PBXFileReference; fileEncoding = 4; lastKnownFileType = sourcecode.c.objc; path = AFURLSessionManager.m; sourceTree = "<group>"; };
		D0E6F2E31CF004DC004DC01E /* AFAppDotNetAPIClient.h */ = {isa = PBXFileReference; fileEncoding = 4; lastKnownFileType = sourcecode.c.h; path = AFAppDotNetAPIClient.h; sourceTree = "<group>"; };
		D0E6F2E41CF004DC004DC01E /* AFAppDotNetAPIClient.m */ = {isa = PBXFileReference; fileEncoding = 4; lastKnownFileType = sourcecode.c.objc; path = AFAppDotNetAPIClient.m; sourceTree = "<group>"; };
		D0E821431D12960A00C21439 /* MJExtension.h */ = {isa = PBXFileReference; fileEncoding = 4; lastKnownFileType = sourcecode.c.h; path = MJExtension.h; sourceTree = "<group>"; };
		D0E821441D12960A00C21439 /* MJExtensionConst.h */ = {isa = PBXFileReference; fileEncoding = 4; lastKnownFileType = sourcecode.c.h; path = MJExtensionConst.h; sourceTree = "<group>"; };
		D0E821451D12960A00C21439 /* MJExtensionConst.m */ = {isa = PBXFileReference; fileEncoding = 4; lastKnownFileType = sourcecode.c.objc; path = MJExtensionConst.m; sourceTree = "<group>"; };
		D0E821461D12960A00C21439 /* MJFoundation.h */ = {isa = PBXFileReference; fileEncoding = 4; lastKnownFileType = sourcecode.c.h; path = MJFoundation.h; sourceTree = "<group>"; };
		D0E821471D12960A00C21439 /* MJFoundation.m */ = {isa = PBXFileReference; fileEncoding = 4; lastKnownFileType = sourcecode.c.objc; path = MJFoundation.m; sourceTree = "<group>"; };
		D0E821481D12960A00C21439 /* MJProperty.h */ = {isa = PBXFileReference; fileEncoding = 4; lastKnownFileType = sourcecode.c.h; path = MJProperty.h; sourceTree = "<group>"; };
		D0E821491D12960A00C21439 /* MJProperty.m */ = {isa = PBXFileReference; fileEncoding = 4; lastKnownFileType = sourcecode.c.objc; path = MJProperty.m; sourceTree = "<group>"; };
		D0E8214A1D12960A00C21439 /* MJPropertyKey.h */ = {isa = PBXFileReference; fileEncoding = 4; lastKnownFileType = sourcecode.c.h; path = MJPropertyKey.h; sourceTree = "<group>"; };
		D0E8214B1D12960A00C21439 /* MJPropertyKey.m */ = {isa = PBXFileReference; fileEncoding = 4; lastKnownFileType = sourcecode.c.objc; path = MJPropertyKey.m; sourceTree = "<group>"; };
		D0E8214C1D12960A00C21439 /* MJPropertyType.h */ = {isa = PBXFileReference; fileEncoding = 4; lastKnownFileType = sourcecode.c.h; path = MJPropertyType.h; sourceTree = "<group>"; };
		D0E8214D1D12960A00C21439 /* MJPropertyType.m */ = {isa = PBXFileReference; fileEncoding = 4; lastKnownFileType = sourcecode.c.objc; path = MJPropertyType.m; sourceTree = "<group>"; };
		D0E8214E1D12960A00C21439 /* NSObject+MJClass.h */ = {isa = PBXFileReference; fileEncoding = 4; lastKnownFileType = sourcecode.c.h; path = "NSObject+MJClass.h"; sourceTree = "<group>"; };
		D0E8214F1D12960A00C21439 /* NSObject+MJClass.m */ = {isa = PBXFileReference; fileEncoding = 4; lastKnownFileType = sourcecode.c.objc; path = "NSObject+MJClass.m"; sourceTree = "<group>"; };
		D0E821501D12960A00C21439 /* NSObject+MJCoding.h */ = {isa = PBXFileReference; fileEncoding = 4; lastKnownFileType = sourcecode.c.h; path = "NSObject+MJCoding.h"; sourceTree = "<group>"; };
		D0E821511D12960A00C21439 /* NSObject+MJCoding.m */ = {isa = PBXFileReference; fileEncoding = 4; lastKnownFileType = sourcecode.c.objc; path = "NSObject+MJCoding.m"; sourceTree = "<group>"; };
		D0E821521D12960A00C21439 /* NSObject+MJKeyValue.h */ = {isa = PBXFileReference; fileEncoding = 4; lastKnownFileType = sourcecode.c.h; path = "NSObject+MJKeyValue.h"; sourceTree = "<group>"; };
		D0E821531D12960A00C21439 /* NSObject+MJKeyValue.m */ = {isa = PBXFileReference; fileEncoding = 4; lastKnownFileType = sourcecode.c.objc; path = "NSObject+MJKeyValue.m"; sourceTree = "<group>"; };
		D0E821541D12960A00C21439 /* NSObject+MJProperty.h */ = {isa = PBXFileReference; fileEncoding = 4; lastKnownFileType = sourcecode.c.h; path = "NSObject+MJProperty.h"; sourceTree = "<group>"; };
		D0E821551D12960A00C21439 /* NSObject+MJProperty.m */ = {isa = PBXFileReference; fileEncoding = 4; lastKnownFileType = sourcecode.c.objc; path = "NSObject+MJProperty.m"; sourceTree = "<group>"; };
		D0E821561D12960A00C21439 /* NSString+MJExtension.h */ = {isa = PBXFileReference; fileEncoding = 4; lastKnownFileType = sourcecode.c.h; path = "NSString+MJExtension.h"; sourceTree = "<group>"; };
		D0E821571D12960A00C21439 /* NSString+MJExtension.m */ = {isa = PBXFileReference; fileEncoding = 4; lastKnownFileType = sourcecode.c.objc; path = "NSString+MJExtension.m"; sourceTree = "<group>"; };
		D0EA64BF1CF2A24A00E93EDC /* SubRefreshTVController.h */ = {isa = PBXFileReference; fileEncoding = 4; lastKnownFileType = sourcecode.c.h; path = SubRefreshTVController.h; sourceTree = "<group>"; };
		D0EA64C01CF2A24A00E93EDC /* SubRefreshTVController.m */ = {isa = PBXFileReference; fileEncoding = 4; lastKnownFileType = sourcecode.c.objc; path = SubRefreshTVController.m; sourceTree = "<group>"; };
		D0EA64C51CF2A24A00E93EDC /* SubRefreshModel.h */ = {isa = PBXFileReference; fileEncoding = 4; lastKnownFileType = sourcecode.c.h; path = SubRefreshModel.h; sourceTree = "<group>"; };
		D0EA64C61CF2A24A00E93EDC /* SubRefreshModel.m */ = {isa = PBXFileReference; fileEncoding = 4; lastKnownFileType = sourcecode.c.objc; path = SubRefreshModel.m; sourceTree = "<group>"; };
		D0EA64C81CF2A24A00E93EDC /* SubRefreshTwoTableViewCell.h */ = {isa = PBXFileReference; fileEncoding = 4; lastKnownFileType = sourcecode.c.h; path = SubRefreshTwoTableViewCell.h; sourceTree = "<group>"; };
		D0EA64C91CF2A24A00E93EDC /* SubRefreshTwoTableViewCell.m */ = {isa = PBXFileReference; fileEncoding = 4; lastKnownFileType = sourcecode.c.objc; path = SubRefreshTwoTableViewCell.m; sourceTree = "<group>"; };
		D0EA64CA1CF2A24A00E93EDC /* SubRefreshTwoTableViewCell.xib */ = {isa = PBXFileReference; fileEncoding = 4; lastKnownFileType = file.xib; path = SubRefreshTwoTableViewCell.xib; sourceTree = "<group>"; };
		D0EA64CB1CF2A24A00E93EDC /* SubRefreshOneTableViewCell.h */ = {isa = PBXFileReference; fileEncoding = 4; lastKnownFileType = sourcecode.c.h; path = SubRefreshOneTableViewCell.h; sourceTree = "<group>"; };
		D0EA64CC1CF2A24A00E93EDC /* SubRefreshOneTableViewCell.m */ = {isa = PBXFileReference; fileEncoding = 4; lastKnownFileType = sourcecode.c.objc; path = SubRefreshOneTableViewCell.m; sourceTree = "<group>"; };
		D0EA64CD1CF2A24A00E93EDC /* SubRefreshOneTableViewCell.xib */ = {isa = PBXFileReference; fileEncoding = 4; lastKnownFileType = file.xib; path = SubRefreshOneTableViewCell.xib; sourceTree = "<group>"; };
		D0EA64D01CF2A24A00E93EDC /* SubGroupViewController.h */ = {isa = PBXFileReference; fileEncoding = 4; lastKnownFileType = sourcecode.c.h; path = SubGroupViewController.h; sourceTree = "<group>"; };
		D0EA64D11CF2A24A00E93EDC /* SubGroupViewController.m */ = {isa = PBXFileReference; fileEncoding = 4; lastKnownFileType = sourcecode.c.objc; path = SubGroupViewController.m; sourceTree = "<group>"; };
		D0EA64D21CF2A24A00E93EDC /* SubPlainViewController.h */ = {isa = PBXFileReference; fileEncoding = 4; lastKnownFileType = sourcecode.c.h; path = SubPlainViewController.h; sourceTree = "<group>"; };
		D0EA64D31CF2A24A00E93EDC /* SubPlainViewController.m */ = {isa = PBXFileReference; fileEncoding = 4; lastKnownFileType = sourcecode.c.objc; path = SubPlainViewController.m; sourceTree = "<group>"; };
		D0EA64D71CF2A24A00E93EDC /* SubTableViewCell.h */ = {isa = PBXFileReference; fileEncoding = 4; lastKnownFileType = sourcecode.c.h; path = SubTableViewCell.h; sourceTree = "<group>"; };
		D0EA64D81CF2A24A00E93EDC /* SubTableViewCell.m */ = {isa = PBXFileReference; fileEncoding = 4; lastKnownFileType = sourcecode.c.objc; path = SubTableViewCell.m; sourceTree = "<group>"; };
		D0EA64D91CF2A24A00E93EDC /* SubTableViewCell.xib */ = {isa = PBXFileReference; fileEncoding = 4; lastKnownFileType = file.xib; path = SubTableViewCell.xib; sourceTree = "<group>"; };
		D0EA64E51CF2A29F00E93EDC /* SubRefreshTVDataSource.h */ = {isa = PBXFileReference; fileEncoding = 4; lastKnownFileType = sourcecode.c.h; path = SubRefreshTVDataSource.h; sourceTree = "<group>"; };
		D0EA64E61CF2A29F00E93EDC /* SubRefreshTVDataSource.m */ = {isa = PBXFileReference; fileEncoding = 4; lastKnownFileType = sourcecode.c.objc; path = SubRefreshTVDataSource.m; sourceTree = "<group>"; };
		D0EA64EA1CF2A37500E93EDC /* UITableView+RegisterNib.h */ = {isa = PBXFileReference; fileEncoding = 4; lastKnownFileType = sourcecode.c.h; path = "UITableView+RegisterNib.h"; sourceTree = "<group>"; };
		D0EA64EB1CF2A37500E93EDC /* UITableView+RegisterNib.m */ = {isa = PBXFileReference; fileEncoding = 4; lastKnownFileType = sourcecode.c.objc; path = "UITableView+RegisterNib.m"; sourceTree = "<group>"; };
		D0EA64EC1CF2A37500E93EDC /* UITableViewCell+ConfigModel.h */ = {isa = PBXFileReference; fileEncoding = 4; lastKnownFileType = sourcecode.c.h; path = "UITableViewCell+ConfigModel.h"; sourceTree = "<group>"; };
		D0EA64ED1CF2A37500E93EDC /* UITableViewCell+ConfigModel.m */ = {isa = PBXFileReference; fileEncoding = 4; lastKnownFileType = sourcecode.c.objc; path = "UITableViewCell+ConfigModel.m"; sourceTree = "<group>"; };
		D0EA64EF1CF2A37500E93EDC /* KLTableViewRowItem.h */ = {isa = PBXFileReference; fileEncoding = 4; lastKnownFileType = sourcecode.c.h; path = KLTableViewRowItem.h; sourceTree = "<group>"; };
		D0EA64F01CF2A37500E93EDC /* KLTableViewRowItem.m */ = {isa = PBXFileReference; fileEncoding = 4; lastKnownFileType = sourcecode.c.objc; path = KLTableViewRowItem.m; sourceTree = "<group>"; };
		D0EA64F11CF2A37500E93EDC /* KLTableViewSectionObject.h */ = {isa = PBXFileReference; fileEncoding = 4; lastKnownFileType = sourcecode.c.h; path = KLTableViewSectionObject.h; sourceTree = "<group>"; };
		D0EA64F21CF2A37500E93EDC /* KLTableViewSectionObject.m */ = {isa = PBXFileReference; fileEncoding = 4; lastKnownFileType = sourcecode.c.objc; path = KLTableViewSectionObject.m; sourceTree = "<group>"; };
		D0EA64F41CF2A37500E93EDC /* KLTableViewDataSource.h */ = {isa = PBXFileReference; fileEncoding = 4; lastKnownFileType = sourcecode.c.h; path = KLTableViewDataSource.h; sourceTree = "<group>"; };
		D0EA64F51CF2A37500E93EDC /* KLTableViewDataSource.m */ = {isa = PBXFileReference; fileEncoding = 4; lastKnownFileType = sourcecode.c.objc; path = KLTableViewDataSource.m; sourceTree = "<group>"; };
		D0EA64F71CF2A37500E93EDC /* KLHttpManager.h */ = {isa = PBXFileReference; fileEncoding = 4; lastKnownFileType = sourcecode.c.h; path = KLHttpManager.h; sourceTree = "<group>"; };
		D0EA64F81CF2A37500E93EDC /* KLHttpManager.m */ = {isa = PBXFileReference; fileEncoding = 4; lastKnownFileType = sourcecode.c.objc; path = KLHttpManager.m; sourceTree = "<group>"; };
		D0EA64FA1CF2A37500E93EDC /* KLLoadDataModel.h */ = {isa = PBXFileReference; fileEncoding = 4; lastKnownFileType = sourcecode.c.h; path = KLLoadDataModel.h; sourceTree = "<group>"; };
		D0EA64FB1CF2A37500E93EDC /* KLLoadDataModel.m */ = {isa = PBXFileReference; fileEncoding = 4; lastKnownFileType = sourcecode.c.objc; path = KLLoadDataModel.m; sourceTree = "<group>"; };
		D0EA64FD1CF2A37500E93EDC /* KLTableView.h */ = {isa = PBXFileReference; fileEncoding = 4; lastKnownFileType = sourcecode.c.h; path = KLTableView.h; sourceTree = "<group>"; };
		D0EA64FE1CF2A37500E93EDC /* KLTableView.m */ = {isa = PBXFileReference; fileEncoding = 4; lastKnownFileType = sourcecode.c.objc; path = KLTableView.m; sourceTree = "<group>"; };
		D0EA65001CF2A37500E93EDC /* KLBaseTableViewController.h */ = {isa = PBXFileReference; fileEncoding = 4; lastKnownFileType = sourcecode.c.h; path = KLBaseTableViewController.h; sourceTree = "<group>"; };
		D0EA65011CF2A37500E93EDC /* KLBaseTableViewController.m */ = {isa = PBXFileReference; fileEncoding = 4; lastKnownFileType = sourcecode.c.objc; path = KLBaseTableViewController.m; sourceTree = "<group>"; };
		D0EA65021CF2A37500E93EDC /* KLRefreshTableViewController.h */ = {isa = PBXFileReference; fileEncoding = 4; lastKnownFileType = sourcecode.c.h; path = KLRefreshTableViewController.h; sourceTree = "<group>"; };
		D0EA65031CF2A37500E93EDC /* KLRefreshTableViewController.m */ = {isa = PBXFileReference; fileEncoding = 4; lastKnownFileType = sourcecode.c.objc; path = KLRefreshTableViewController.m; sourceTree = "<group>"; };
		D0EA650E1CF2A3AC00E93EDC /* SubPlainDataSource.h */ = {isa = PBXFileReference; fileEncoding = 4; lastKnownFileType = sourcecode.c.h; path = SubPlainDataSource.h; sourceTree = "<group>"; };
		D0EA650F1CF2A3AC00E93EDC /* SubPlainDataSource.m */ = {isa = PBXFileReference; fileEncoding = 4; lastKnownFileType = sourcecode.c.objc; path = SubPlainDataSource.m; sourceTree = "<group>"; };
		D0EA65111CF2A3BD00E93EDC /* SubGroupDataSource.h */ = {isa = PBXFileReference; fileEncoding = 4; lastKnownFileType = sourcecode.c.h; path = SubGroupDataSource.h; sourceTree = "<group>"; };
		D0EA65121CF2A3BD00E93EDC /* SubGroupDataSource.m */ = {isa = PBXFileReference; fileEncoding = 4; lastKnownFileType = sourcecode.c.objc; path = SubGroupDataSource.m; sourceTree = "<group>"; };
		D0F5D6251D02CE630014C0E9 /* CellCallbackTVController.h */ = {isa = PBXFileReference; fileEncoding = 4; lastKnownFileType = sourcecode.c.h; path = CellCallbackTVController.h; sourceTree = "<group>"; };
		D0F5D6261D02CE630014C0E9 /* CellCallbackTVController.m */ = {isa = PBXFileReference; fileEncoding = 4; lastKnownFileType = sourcecode.c.objc; path = CellCallbackTVController.m; sourceTree = "<group>"; };
		D0F5D6281D02D4850014C0E9 /* SubCallbackDataSource.h */ = {isa = PBXFileReference; fileEncoding = 4; lastKnownFileType = sourcecode.c.h; path = SubCallbackDataSource.h; sourceTree = "<group>"; };
		D0F5D6291D02D4850014C0E9 /* SubCallbackDataSource.m */ = {isa = PBXFileReference; fileEncoding = 4; lastKnownFileType = sourcecode.c.objc; path = SubCallbackDataSource.m; sourceTree = "<group>"; };
		D0F5D62B1D02D5990014C0E9 /* CallbackModel.h */ = {isa = PBXFileReference; fileEncoding = 4; lastKnownFileType = sourcecode.c.h; path = CallbackModel.h; sourceTree = "<group>"; };
		D0F5D62C1D02D5990014C0E9 /* CallbackModel.m */ = {isa = PBXFileReference; fileEncoding = 4; lastKnownFileType = sourcecode.c.objc; path = CallbackModel.m; sourceTree = "<group>"; };
		D0F5D62E1D02D60B0014C0E9 /* CallbackCell.h */ = {isa = PBXFileReference; fileEncoding = 4; lastKnownFileType = sourcecode.c.h; path = CallbackCell.h; sourceTree = "<group>"; };
		D0F5D62F1D02D60B0014C0E9 /* CallbackCell.m */ = {isa = PBXFileReference; fileEncoding = 4; lastKnownFileType = sourcecode.c.objc; path = CallbackCell.m; sourceTree = "<group>"; };
		D0F5D6301D02D60B0014C0E9 /* CallbackCell.xib */ = {isa = PBXFileReference; fileEncoding = 4; lastKnownFileType = file.xib; path = CallbackCell.xib; sourceTree = "<group>"; };
		D0F5D6351D02D6AE0014C0E9 /* yellow.jpeg */ = {isa = PBXFileReference; lastKnownFileType = image.jpeg; path = yellow.jpeg; sourceTree = "<group>"; };
/* End PBXFileReference section */

/* Begin PBXFrameworksBuildPhase section */
		D0DEA7521CEEAAF50036C7BA /* Frameworks */ = {
			isa = PBXFrameworksBuildPhase;
			buildActionMask = 2147483647;
			files = (
			);
			runOnlyForDeploymentPostprocessing = 0;
		};
/* End PBXFrameworksBuildPhase section */

/* Begin PBXGroup section */
		D0DEA74C1CEEAAF50036C7BA = {
			isa = PBXGroup;
			children = (
				D0DEA7571CEEAAF50036C7BA /* KLBaseTableView */,
				D0DEA7561CEEAAF50036C7BA /* Products */,
			);
			sourceTree = "<group>";
		};
		D0DEA7561CEEAAF50036C7BA /* Products */ = {
			isa = PBXGroup;
			children = (
				D0DEA7551CEEAAF50036C7BA /* KLBaseTableView.app */,
			);
			name = Products;
			sourceTree = "<group>";
		};
		D0DEA7571CEEAAF50036C7BA /* KLBaseTableView */ = {
			isa = PBXGroup;
			children = (
				D0E6F2CF1CF004A0004DC01E /* AFNetworking */,
				D0E821421D12960A00C21439 /* MJExtension */,
				D0E6F28F1CF0038C004DC01E /* MJRefresh */,
				D0EA64E81CF2A37500E93EDC /* BaseTableView */,
				D0DEA75B1CEEAAF50036C7BA /* AppDelegate.h */,
				D0DEA75C1CEEAAF50036C7BA /* AppDelegate.m */,
				D0EA64BD1CF2A24A00E93EDC /* 动态页面(含上拉与下拉) */,
				D0EA64CE1CF2A24A00E93EDC /* 静态页面(不含上拉与下拉) */,
				D0F5D6201D02CDDA0014C0E9 /* Cell的回调 */,
				D0DEA7611CEEAAF50036C7BA /* Main.storyboard */,
				D0DEA7641CEEAAF50036C7BA /* Assets.xcassets */,
				D0F5D6351D02D6AE0014C0E9 /* yellow.jpeg */,
				D0DEA7661CEEAAF50036C7BA /* LaunchScreen.storyboard */,
				D0DEA7691CEEAAF50036C7BA /* Info.plist */,
				D0DEA7581CEEAAF50036C7BA /* Supporting Files */,
			);
			path = KLBaseTableView;
			sourceTree = "<group>";
		};
		D0DEA7581CEEAAF50036C7BA /* Supporting Files */ = {
			isa = PBXGroup;
			children = (
				D0DEA7591CEEAAF50036C7BA /* main.m */,
			);
			name = "Supporting Files";
			sourceTree = "<group>";
		};
		D0E6F28F1CF0038C004DC01E /* MJRefresh */ = {
			isa = PBXGroup;
			children = (
				D0E6F2901CF0038C004DC01E /* Base */,
				D0E6F29B1CF0038C004DC01E /* Custom */,
				D0E6F2B21CF0038C004DC01E /* MJRefresh.bundle */,
				D0E6F2B31CF0038C004DC01E /* MJRefresh.h */,
				D0E6F2B41CF0038C004DC01E /* MJRefreshConst.h */,
				D0E6F2B51CF0038C004DC01E /* MJRefreshConst.m */,
				D0E6F2B61CF0038C004DC01E /* UIScrollView+MJExtension.h */,
				D0E6F2B71CF0038C004DC01E /* UIScrollView+MJExtension.m */,
				D0E6F2B81CF0038C004DC01E /* UIScrollView+MJRefresh.h */,
				D0E6F2B91CF0038C004DC01E /* UIScrollView+MJRefresh.m */,
				D0E6F2BA1CF0038C004DC01E /* UIView+MJExtension.h */,
				D0E6F2BB1CF0038C004DC01E /* UIView+MJExtension.m */,
			);
			path = MJRefresh;
			sourceTree = "<group>";
		};
		D0E6F2901CF0038C004DC01E /* Base */ = {
			isa = PBXGroup;
			children = (
				D0E6F2911CF0038C004DC01E /* MJRefreshAutoFooter.h */,
				D0E6F2921CF0038C004DC01E /* MJRefreshAutoFooter.m */,
				D0E6F2931CF0038C004DC01E /* MJRefreshBackFooter.h */,
				D0E6F2941CF0038C004DC01E /* MJRefreshBackFooter.m */,
				D0E6F2951CF0038C004DC01E /* MJRefreshComponent.h */,
				D0E6F2961CF0038C004DC01E /* MJRefreshComponent.m */,
				D0E6F2971CF0038C004DC01E /* MJRefreshFooter.h */,
				D0E6F2981CF0038C004DC01E /* MJRefreshFooter.m */,
				D0E6F2991CF0038C004DC01E /* MJRefreshHeader.h */,
				D0E6F29A1CF0038C004DC01E /* MJRefreshHeader.m */,
			);
			path = Base;
			sourceTree = "<group>";
		};
		D0E6F29B1CF0038C004DC01E /* Custom */ = {
			isa = PBXGroup;
			children = (
				D0E6F29C1CF0038C004DC01E /* Footer */,
				D0E6F2AB1CF0038C004DC01E /* Header */,
			);
			path = Custom;
			sourceTree = "<group>";
		};
		D0E6F29C1CF0038C004DC01E /* Footer */ = {
			isa = PBXGroup;
			children = (
				D0E6F29D1CF0038C004DC01E /* Auto */,
				D0E6F2A41CF0038C004DC01E /* Back */,
			);
			path = Footer;
			sourceTree = "<group>";
		};
		D0E6F29D1CF0038C004DC01E /* Auto */ = {
			isa = PBXGroup;
			children = (
				D0E6F29E1CF0038C004DC01E /* MJRefreshAutoGifFooter.h */,
				D0E6F29F1CF0038C004DC01E /* MJRefreshAutoGifFooter.m */,
				D0E6F2A01CF0038C004DC01E /* MJRefreshAutoNormalFooter.h */,
				D0E6F2A11CF0038C004DC01E /* MJRefreshAutoNormalFooter.m */,
				D0E6F2A21CF0038C004DC01E /* MJRefreshAutoStateFooter.h */,
				D0E6F2A31CF0038C004DC01E /* MJRefreshAutoStateFooter.m */,
			);
			path = Auto;
			sourceTree = "<group>";
		};
		D0E6F2A41CF0038C004DC01E /* Back */ = {
			isa = PBXGroup;
			children = (
				D0E6F2A51CF0038C004DC01E /* MJRefreshBackGifFooter.h */,
				D0E6F2A61CF0038C004DC01E /* MJRefreshBackGifFooter.m */,
				D0E6F2A71CF0038C004DC01E /* MJRefreshBackNormalFooter.h */,
				D0E6F2A81CF0038C004DC01E /* MJRefreshBackNormalFooter.m */,
				D0E6F2A91CF0038C004DC01E /* MJRefreshBackStateFooter.h */,
				D0E6F2AA1CF0038C004DC01E /* MJRefreshBackStateFooter.m */,
			);
			path = Back;
			sourceTree = "<group>";
		};
		D0E6F2AB1CF0038C004DC01E /* Header */ = {
			isa = PBXGroup;
			children = (
				D0E6F2AC1CF0038C004DC01E /* MJRefreshGifHeader.h */,
				D0E6F2AD1CF0038C004DC01E /* MJRefreshGifHeader.m */,
				D0E6F2AE1CF0038C004DC01E /* MJRefreshNormalHeader.h */,
				D0E6F2AF1CF0038C004DC01E /* MJRefreshNormalHeader.m */,
				D0E6F2B01CF0038C004DC01E /* MJRefreshStateHeader.h */,
				D0E6F2B11CF0038C004DC01E /* MJRefreshStateHeader.m */,
			);
			path = Header;
			sourceTree = "<group>";
		};
		D0E6F2CF1CF004A0004DC01E /* AFNetworking */ = {
			isa = PBXGroup;
			children = (
				D0E6F2E31CF004DC004DC01E /* AFAppDotNetAPIClient.h */,
				D0E6F2E41CF004DC004DC01E /* AFAppDotNetAPIClient.m */,
				D0E6F2D01CF004A0004DC01E /* AFHTTPSessionManager.h */,
				D0E6F2D11CF004A0004DC01E /* AFHTTPSessionManager.m */,
				D0E6F2D21CF004A0004DC01E /* AFNetworking.h */,
				D0E6F2D31CF004A0004DC01E /* AFNetworkReachabilityManager.h */,
				D0E6F2D41CF004A0004DC01E /* AFNetworkReachabilityManager.m */,
				D0E6F2D51CF004A0004DC01E /* AFSecurityPolicy.h */,
				D0E6F2D61CF004A0004DC01E /* AFSecurityPolicy.m */,
				D0E6F2D71CF004A0004DC01E /* AFURLRequestSerialization.h */,
				D0E6F2D81CF004A0004DC01E /* AFURLRequestSerialization.m */,
				D0E6F2D91CF004A0004DC01E /* AFURLResponseSerialization.h */,
				D0E6F2DA1CF004A0004DC01E /* AFURLResponseSerialization.m */,
				D0E6F2DB1CF004A0004DC01E /* AFURLSessionManager.h */,
				D0E6F2DC1CF004A0004DC01E /* AFURLSessionManager.m */,
			);
			path = AFNetworking;
			sourceTree = "<group>";
		};
		D0E821421D12960A00C21439 /* MJExtension */ = {
			isa = PBXGroup;
			children = (
				D0E821431D12960A00C21439 /* MJExtension.h */,
				D0E821441D12960A00C21439 /* MJExtensionConst.h */,
				D0E821451D12960A00C21439 /* MJExtensionConst.m */,
				D0E821461D12960A00C21439 /* MJFoundation.h */,
				D0E821471D12960A00C21439 /* MJFoundation.m */,
				D0E821481D12960A00C21439 /* MJProperty.h */,
				D0E821491D12960A00C21439 /* MJProperty.m */,
				D0E8214A1D12960A00C21439 /* MJPropertyKey.h */,
				D0E8214B1D12960A00C21439 /* MJPropertyKey.m */,
				D0E8214C1D12960A00C21439 /* MJPropertyType.h */,
				D0E8214D1D12960A00C21439 /* MJPropertyType.m */,
				D0E8214E1D12960A00C21439 /* NSObject+MJClass.h */,
				D0E8214F1D12960A00C21439 /* NSObject+MJClass.m */,
				D0E821501D12960A00C21439 /* NSObject+MJCoding.h */,
				D0E821511D12960A00C21439 /* NSObject+MJCoding.m */,
				D0E821521D12960A00C21439 /* NSObject+MJKeyValue.h */,
				D0E821531D12960A00C21439 /* NSObject+MJKeyValue.m */,
				D0E821541D12960A00C21439 /* NSObject+MJProperty.h */,
				D0E821551D12960A00C21439 /* NSObject+MJProperty.m */,
				D0E821561D12960A00C21439 /* NSString+MJExtension.h */,
				D0E821571D12960A00C21439 /* NSString+MJExtension.m */,
			);
			path = MJExtension;
			sourceTree = "<group>";
		};
		D0EA64BD1CF2A24A00E93EDC /* 动态页面(含上拉与下拉) */ = {
			isa = PBXGroup;
			children = (
				D0EA64BE1CF2A24A00E93EDC /* Controller */,
				D0EA64C31CF2A24A00E93EDC /* DataSource */,
				D0EA64C41CF2A24A00E93EDC /* Model */,
				D0EA64C71CF2A24A00E93EDC /* View */,
			);
			path = "动态页面(含上拉与下拉)";
			sourceTree = "<group>";
		};
		D0EA64BE1CF2A24A00E93EDC /* Controller */ = {
			isa = PBXGroup;
			children = (
				D0EA64BF1CF2A24A00E93EDC /* SubRefreshTVController.h */,
				D0EA64C01CF2A24A00E93EDC /* SubRefreshTVController.m */,
			);
			path = Controller;
			sourceTree = "<group>";
		};
		D0EA64C31CF2A24A00E93EDC /* DataSource */ = {
			isa = PBXGroup;
			children = (
				D0EA64E51CF2A29F00E93EDC /* SubRefreshTVDataSource.h */,
				D0EA64E61CF2A29F00E93EDC /* SubRefreshTVDataSource.m */,
			);
			path = DataSource;
			sourceTree = "<group>";
		};
		D0EA64C41CF2A24A00E93EDC /* Model */ = {
			isa = PBXGroup;
			children = (
				D0EA64C51CF2A24A00E93EDC /* SubRefreshModel.h */,
				D0EA64C61CF2A24A00E93EDC /* SubRefreshModel.m */,
			);
			path = Model;
			sourceTree = "<group>";
		};
		D0EA64C71CF2A24A00E93EDC /* View */ = {
			isa = PBXGroup;
			children = (
				D0EA64C81CF2A24A00E93EDC /* SubRefreshTwoTableViewCell.h */,
				D0EA64C91CF2A24A00E93EDC /* SubRefreshTwoTableViewCell.m */,
				D0EA64CA1CF2A24A00E93EDC /* SubRefreshTwoTableViewCell.xib */,
				D0EA64CB1CF2A24A00E93EDC /* SubRefreshOneTableViewCell.h */,
				D0EA64CC1CF2A24A00E93EDC /* SubRefreshOneTableViewCell.m */,
				D0EA64CD1CF2A24A00E93EDC /* SubRefreshOneTableViewCell.xib */,
			);
			path = View;
			sourceTree = "<group>";
		};
		D0EA64CE1CF2A24A00E93EDC /* 静态页面(不含上拉与下拉) */ = {
			isa = PBXGroup;
			children = (
				D0EA64CF1CF2A24A00E93EDC /* Controller */,
				D0EA64D41CF2A24A00E93EDC /* DataSource */,
				D0EA64D51CF2A24A00E93EDC /* Model */,
				D0EA64D61CF2A24A00E93EDC /* View */,
			);
			path = "静态页面(不含上拉与下拉)";
			sourceTree = "<group>";
		};
		D0EA64CF1CF2A24A00E93EDC /* Controller */ = {
			isa = PBXGroup;
			children = (
				D0EA64D01CF2A24A00E93EDC /* SubGroupViewController.h */,
				D0EA64D11CF2A24A00E93EDC /* SubGroupViewController.m */,
				D0EA64D21CF2A24A00E93EDC /* SubPlainViewController.h */,
				D0EA64D31CF2A24A00E93EDC /* SubPlainViewController.m */,
			);
			path = Controller;
			sourceTree = "<group>";
		};
		D0EA64D41CF2A24A00E93EDC /* DataSource */ = {
			isa = PBXGroup;
			children = (
				D0EA650E1CF2A3AC00E93EDC /* SubPlainDataSource.h */,
				D0EA650F1CF2A3AC00E93EDC /* SubPlainDataSource.m */,
				D0EA65111CF2A3BD00E93EDC /* SubGroupDataSource.h */,
				D0EA65121CF2A3BD00E93EDC /* SubGroupDataSource.m */,
			);
			path = DataSource;
			sourceTree = "<group>";
		};
		D0EA64D51CF2A24A00E93EDC /* Model */ = {
			isa = PBXGroup;
			children = (
			);
			path = Model;
			sourceTree = "<group>";
		};
		D0EA64D61CF2A24A00E93EDC /* View */ = {
			isa = PBXGroup;
			children = (
				D0EA64D71CF2A24A00E93EDC /* SubTableViewCell.h */,
				D0EA64D81CF2A24A00E93EDC /* SubTableViewCell.m */,
				D0EA64D91CF2A24A00E93EDC /* SubTableViewCell.xib */,
			);
			path = View;
			sourceTree = "<group>";
		};
		D0EA64E81CF2A37500E93EDC /* BaseTableView */ = {
			isa = PBXGroup;
			children = (
				D0EA64E91CF2A37500E93EDC /* Categories */,
				D0EA64EE1CF2A37500E93EDC /* CellModel */,
				D0EA64F31CF2A37500E93EDC /* DataSource */,
				D0EA64F61CF2A37500E93EDC /* HttpManager */,
				D0EA64F91CF2A37500E93EDC /* HttpModel */,
				D0EA64FC1CF2A37500E93EDC /* TableView */,
				D0EA64FF1CF2A37500E93EDC /* TableViewController */,
			);
			path = BaseTableView;
			sourceTree = "<group>";
		};
		D0EA64E91CF2A37500E93EDC /* Categories */ = {
			isa = PBXGroup;
			children = (
				D0EA64EA1CF2A37500E93EDC /* UITableView+RegisterNib.h */,
				D0EA64EB1CF2A37500E93EDC /* UITableView+RegisterNib.m */,
				D0EA64EC1CF2A37500E93EDC /* UITableViewCell+ConfigModel.h */,
				D0EA64ED1CF2A37500E93EDC /* UITableViewCell+ConfigModel.m */,
			);
			path = Categories;
			sourceTree = "<group>";
		};
		D0EA64EE1CF2A37500E93EDC /* CellModel */ = {
			isa = PBXGroup;
			children = (
				D0EA64EF1CF2A37500E93EDC /* KLTableViewRowItem.h */,
				D0EA64F01CF2A37500E93EDC /* KLTableViewRowItem.m */,
				D0EA64F11CF2A37500E93EDC /* KLTableViewSectionObject.h */,
				D0EA64F21CF2A37500E93EDC /* KLTableViewSectionObject.m */,
			);
			path = CellModel;
			sourceTree = "<group>";
		};
		D0EA64F31CF2A37500E93EDC /* DataSource */ = {
			isa = PBXGroup;
			children = (
				D0EA64F41CF2A37500E93EDC /* KLTableViewDataSource.h */,
				D0EA64F51CF2A37500E93EDC /* KLTableViewDataSource.m */,
			);
			path = DataSource;
			sourceTree = "<group>";
		};
		D0EA64F61CF2A37500E93EDC /* HttpManager */ = {
			isa = PBXGroup;
			children = (
				D0EA64F71CF2A37500E93EDC /* KLHttpManager.h */,
				D0EA64F81CF2A37500E93EDC /* KLHttpManager.m */,
			);
			path = HttpManager;
			sourceTree = "<group>";
		};
		D0EA64F91CF2A37500E93EDC /* HttpModel */ = {
			isa = PBXGroup;
			children = (
				D0EA64FA1CF2A37500E93EDC /* KLLoadDataModel.h */,
				D0EA64FB1CF2A37500E93EDC /* KLLoadDataModel.m */,
			);
			path = HttpModel;
			sourceTree = "<group>";
		};
		D0EA64FC1CF2A37500E93EDC /* TableView */ = {
			isa = PBXGroup;
			children = (
				D0EA64FD1CF2A37500E93EDC /* KLTableView.h */,
				D0EA64FE1CF2A37500E93EDC /* KLTableView.m */,
			);
			path = TableView;
			sourceTree = "<group>";
		};
		D0EA64FF1CF2A37500E93EDC /* TableViewController */ = {
			isa = PBXGroup;
			children = (
				D0EA65001CF2A37500E93EDC /* KLBaseTableViewController.h */,
				D0EA65011CF2A37500E93EDC /* KLBaseTableViewController.m */,
				D0EA65021CF2A37500E93EDC /* KLRefreshTableViewController.h */,
				D0EA65031CF2A37500E93EDC /* KLRefreshTableViewController.m */,
			);
			path = TableViewController;
			sourceTree = "<group>";
		};
		D0F5D6201D02CDDA0014C0E9 /* Cell的回调 */ = {
			isa = PBXGroup;
			children = (
				D0F5D6211D02CE0B0014C0E9 /* Controller */,
				D0F5D6221D02CE0B0014C0E9 /* DataSource */,
				D0F5D6231D02CE0B0014C0E9 /* Model */,
				D0F5D6241D02CE0B0014C0E9 /* View */,
			);
			path = "Cell的回调";
			sourceTree = "<group>";
		};
		D0F5D6211D02CE0B0014C0E9 /* Controller */ = {
			isa = PBXGroup;
			children = (
				D0F5D6251D02CE630014C0E9 /* CellCallbackTVController.h */,
				D0F5D6261D02CE630014C0E9 /* CellCallbackTVController.m */,
			);
			path = Controller;
			sourceTree = "<group>";
		};
		D0F5D6221D02CE0B0014C0E9 /* DataSource */ = {
			isa = PBXGroup;
			children = (
				D0F5D6281D02D4850014C0E9 /* SubCallbackDataSource.h */,
				D0F5D6291D02D4850014C0E9 /* SubCallbackDataSource.m */,
			);
			path = DataSource;
			sourceTree = "<group>";
		};
		D0F5D6231D02CE0B0014C0E9 /* Model */ = {
			isa = PBXGroup;
			children = (
				D0F5D62B1D02D5990014C0E9 /* CallbackModel.h */,
				D0F5D62C1D02D5990014C0E9 /* CallbackModel.m */,
			);
			path = Model;
			sourceTree = "<group>";
		};
		D0F5D6241D02CE0B0014C0E9 /* View */ = {
			isa = PBXGroup;
			children = (
				D0F5D62E1D02D60B0014C0E9 /* CallbackCell.h */,
				D0F5D62F1D02D60B0014C0E9 /* CallbackCell.m */,
				D0F5D6301D02D60B0014C0E9 /* CallbackCell.xib */,
			);
			path = View;
			sourceTree = "<group>";
		};
/* End PBXGroup section */

/* Begin PBXNativeTarget section */
		D0DEA7541CEEAAF50036C7BA /* KLBaseTableView */ = {
			isa = PBXNativeTarget;
			buildConfigurationList = D0DEA76C1CEEAAF50036C7BA /* Build configuration list for PBXNativeTarget "KLBaseTableView" */;
			buildPhases = (
				D0DEA7511CEEAAF50036C7BA /* Sources */,
				D0DEA7521CEEAAF50036C7BA /* Frameworks */,
				D0DEA7531CEEAAF50036C7BA /* Resources */,
			);
			buildRules = (
			);
			dependencies = (
			);
			name = KLBaseTableView;
			productName = KLBaseTableView;
			productReference = D0DEA7551CEEAAF50036C7BA /* KLBaseTableView.app */;
			productType = "com.apple.product-type.application";
		};
/* End PBXNativeTarget section */

/* Begin PBXProject section */
		D0DEA74D1CEEAAF50036C7BA /* Project object */ = {
			isa = PBXProject;
			attributes = {
				LastUpgradeCheck = 0720;
				ORGANIZATIONNAME = "骆鸿泰";
				TargetAttributes = {
					D0DEA7541CEEAAF50036C7BA = {
						CreatedOnToolsVersion = 7.2.1;
					};
				};
			};
			buildConfigurationList = D0DEA7501CEEAAF50036C7BA /* Build configuration list for PBXProject "KLBaseTableView" */;
			compatibilityVersion = "Xcode 3.2";
			developmentRegion = English;
			hasScannedForEncodings = 0;
			knownRegions = (
				en,
				Base,
			);
			mainGroup = D0DEA74C1CEEAAF50036C7BA;
			productRefGroup = D0DEA7561CEEAAF50036C7BA /* Products */;
			projectDirPath = "";
			projectRoot = "";
			targets = (
				D0DEA7541CEEAAF50036C7BA /* KLBaseTableView */,
			);
		};
/* End PBXProject section */

/* Begin PBXResourcesBuildPhase section */
		D0DEA7531CEEAAF50036C7BA /* Resources */ = {
			isa = PBXResourcesBuildPhase;
			buildActionMask = 2147483647;
			files = (
				D0DEA7681CEEAAF50036C7BA /* LaunchScreen.storyboard in Resources */,
				D0DEA7651CEEAAF50036C7BA /* Assets.xcassets in Resources */,
				D0EA64E01CF2A24A00E93EDC /* SubRefreshOneTableViewCell.xib in Resources */,
				D0E6F2CA1CF0038C004DC01E /* MJRefresh.bundle in Resources */,
				D0EA64E41CF2A24A00E93EDC /* SubTableViewCell.xib in Resources */,
				D0EA64DE1CF2A24A00E93EDC /* SubRefreshTwoTableViewCell.xib in Resources */,
				D0F5D6361D02D6AE0014C0E9 /* yellow.jpeg in Resources */,
				D0F5D6321D02D60B0014C0E9 /* CallbackCell.xib in Resources */,
				D0DEA7631CEEAAF50036C7BA /* Main.storyboard in Resources */,
			);
			runOnlyForDeploymentPostprocessing = 0;
		};
/* End PBXResourcesBuildPhase section */

/* Begin PBXSourcesBuildPhase section */
		D0DEA7511CEEAAF50036C7BA /* Sources */ = {
			isa = PBXSourcesBuildPhase;
			buildActionMask = 2147483647;
			files = (
				D0EA65101CF2A3AC00E93EDC /* SubPlainDataSource.m in Sources */,
				D0EA64E71CF2A29F00E93EDC /* SubRefreshTVDataSource.m in Sources */,
				D0E821591D12960A00C21439 /* MJFoundation.m in Sources */,
				D0EA65071CF2A37500E93EDC /* KLTableViewSectionObject.m in Sources */,
				D0EA65041CF2A37500E93EDC /* UITableView+RegisterNib.m in Sources */,
				D0E6F2C91CF0038C004DC01E /* MJRefreshStateHeader.m in Sources */,
				D0E6F2C71CF0038C004DC01E /* MJRefreshGifHeader.m in Sources */,
				D0E821601D12960A00C21439 /* NSObject+MJProperty.m in Sources */,
				D0E6F2C51CF0038C004DC01E /* MJRefreshBackNormalFooter.m in Sources */,
				D0E6F2C01CF0038C004DC01E /* MJRefreshHeader.m in Sources */,
				D0EA65091CF2A37500E93EDC /* KLHttpManager.m in Sources */,
				D0F5D6311D02D60B0014C0E9 /* CallbackCell.m in Sources */,
				D0EA64E21CF2A24A00E93EDC /* SubPlainViewController.m in Sources */,
				D0E8215B1D12960A00C21439 /* MJPropertyKey.m in Sources */,
				D0EA65051CF2A37500E93EDC /* UITableViewCell+ConfigModel.m in Sources */,
				D0EA650D1CF2A37500E93EDC /* KLRefreshTableViewController.m in Sources */,
				D0E6F2DE1CF004A0004DC01E /* AFNetworkReachabilityManager.m in Sources */,
				D0E6F2CE1CF0038C004DC01E /* UIView+MJExtension.m in Sources */,
				D0E6F2BE1CF0038C004DC01E /* MJRefreshComponent.m in Sources */,
				D0F5D62A1D02D4850014C0E9 /* SubCallbackDataSource.m in Sources */,
				D0EA650C1CF2A37500E93EDC /* KLBaseTableViewController.m in Sources */,
				D0EA64DF1CF2A24A00E93EDC /* SubRefreshOneTableViewCell.m in Sources */,
				D0E6F2E51CF004DC004DC01E /* AFAppDotNetAPIClient.m in Sources */,
				D0E8215E1D12960A00C21439 /* NSObject+MJCoding.m in Sources */,
				D0F5D62D1D02D5990014C0E9 /* CallbackModel.m in Sources */,
				D0E6F2C21CF0038C004DC01E /* MJRefreshAutoNormalFooter.m in Sources */,
				D0E6F2DF1CF004A0004DC01E /* AFSecurityPolicy.m in Sources */,
				D0E6F2C41CF0038C004DC01E /* MJRefreshBackGifFooter.m in Sources */,
				D0E6F2E11CF004A0004DC01E /* AFURLResponseSerialization.m in Sources */,
				D0E6F2C81CF0038C004DC01E /* MJRefreshNormalHeader.m in Sources */,
				D0E6F2C31CF0038C004DC01E /* MJRefreshAutoStateFooter.m in Sources */,
				D0E6F2CB1CF0038C004DC01E /* MJRefreshConst.m in Sources */,
				D0EA650B1CF2A37500E93EDC /* KLTableView.m in Sources */,
				D0E6F2E01CF004A0004DC01E /* AFURLRequestSerialization.m in Sources */,
				D0E6F2C61CF0038C004DC01E /* MJRefreshBackStateFooter.m in Sources */,
				D0E8215D1D12960A00C21439 /* NSObject+MJClass.m in Sources */,
				D0E8215C1D12960A00C21439 /* MJPropertyType.m in Sources */,
				D0EA64DD1CF2A24A00E93EDC /* SubRefreshTwoTableViewCell.m in Sources */,
				D0EA64DC1CF2A24A00E93EDC /* SubRefreshModel.m in Sources */,
				D0E6F2CC1CF0038C004DC01E /* UIScrollView+MJExtension.m in Sources */,
				D0E6F2CD1CF0038C004DC01E /* UIScrollView+MJRefresh.m in Sources */,
				D0DEA75D1CEEAAF50036C7BA /* AppDelegate.m in Sources */,
				D0F5D6271D02CE630014C0E9 /* CellCallbackTVController.m in Sources */,
				D0E6F2C11CF0038C004DC01E /* MJRefreshAutoGifFooter.m in Sources */,
				D0EA65081CF2A37500E93EDC /* KLTableViewDataSource.m in Sources */,
				D0EA64E31CF2A24A00E93EDC /* SubTableViewCell.m in Sources */,
				D0E821581D12960A00C21439 /* MJExtensionConst.m in Sources */,
				D0E8215F1D12960A00C21439 /* NSObject+MJKeyValue.m in Sources */,
				D0E6F2DD1CF004A0004DC01E /* AFHTTPSessionManager.m in Sources */,
				D0EA650A1CF2A37500E93EDC /* KLLoadDataModel.m in Sources */,
				D0E821611D12960A00C21439 /* NSString+MJExtension.m in Sources */,
				D0EA64E11CF2A24A00E93EDC /* SubGroupViewController.m in Sources */,
				D0E6F2BD1CF0038C004DC01E /* MJRefreshBackFooter.m in Sources */,
				D0E6F2E21CF004A0004DC01E /* AFURLSessionManager.m in Sources */,
				D0EA64DA1CF2A24A00E93EDC /* SubRefreshTVController.m in Sources */,
				D0DEA75A1CEEAAF50036C7BA /* main.m in Sources */,
				D0E8215A1D12960A00C21439 /* MJProperty.m in Sources */,
				D0E6F2BF1CF0038C004DC01E /* MJRefreshFooter.m in Sources */,
				D0EA65131CF2A3BD00E93EDC /* SubGroupDataSource.m in Sources */,
				D0E6F2BC1CF0038C004DC01E /* MJRefreshAutoFooter.m in Sources */,
				D0EA65061CF2A37500E93EDC /* KLTableViewRowItem.m in Sources */,
			);
			runOnlyForDeploymentPostprocessing = 0;
		};
/* End PBXSourcesBuildPhase section */

/* Begin PBXVariantGroup section */
		D0DEA7611CEEAAF50036C7BA /* Main.storyboard */ = {
			isa = PBXVariantGroup;
			children = (
				D0DEA7621CEEAAF50036C7BA /* Base */,
			);
			name = Main.storyboard;
			sourceTree = "<group>";
		};
		D0DEA7661CEEAAF50036C7BA /* LaunchScreen.storyboard */ = {
			isa = PBXVariantGroup;
			children = (
				D0DEA7671CEEAAF50036C7BA /* Base */,
			);
			name = LaunchScreen.storyboard;
			sourceTree = "<group>";
		};
/* End PBXVariantGroup section */

/* Begin XCBuildConfiguration section */
		D0DEA76A1CEEAAF50036C7BA /* Debug */ = {
			isa = XCBuildConfiguration;
			buildSettings = {
				ALWAYS_SEARCH_USER_PATHS = NO;
				CLANG_CXX_LANGUAGE_STANDARD = "gnu++0x";
				CLANG_CXX_LIBRARY = "libc++";
				CLANG_ENABLE_MODULES = YES;
				CLANG_ENABLE_OBJC_ARC = YES;
				CLANG_WARN_BOOL_CONVERSION = YES;
				CLANG_WARN_CONSTANT_CONVERSION = YES;
				CLANG_WARN_DIRECT_OBJC_ISA_USAGE = YES_ERROR;
				CLANG_WARN_EMPTY_BODY = YES;
				CLANG_WARN_ENUM_CONVERSION = YES;
				CLANG_WARN_INT_CONVERSION = YES;
				CLANG_WARN_OBJC_ROOT_CLASS = YES_ERROR;
				CLANG_WARN_UNREACHABLE_CODE = YES;
				CLANG_WARN__DUPLICATE_METHOD_MATCH = YES;
				"CODE_SIGN_IDENTITY[sdk=iphoneos*]" = "iPhone Developer";
				COPY_PHASE_STRIP = NO;
				DEBUG_INFORMATION_FORMAT = dwarf;
				ENABLE_STRICT_OBJC_MSGSEND = YES;
				ENABLE_TESTABILITY = YES;
				GCC_C_LANGUAGE_STANDARD = gnu99;
				GCC_DYNAMIC_NO_PIC = NO;
				GCC_NO_COMMON_BLOCKS = YES;
				GCC_OPTIMIZATION_LEVEL = 0;
				GCC_PREPROCESSOR_DEFINITIONS = (
					"DEBUG=1",
					"$(inherited)",
				);
				GCC_WARN_64_TO_32_BIT_CONVERSION = YES;
				GCC_WARN_ABOUT_RETURN_TYPE = YES_ERROR;
				GCC_WARN_UNDECLARED_SELECTOR = YES;
				GCC_WARN_UNINITIALIZED_AUTOS = YES_AGGRESSIVE;
				GCC_WARN_UNUSED_FUNCTION = YES;
				GCC_WARN_UNUSED_VARIABLE = YES;
				IPHONEOS_DEPLOYMENT_TARGET = 9.2;
				MTL_ENABLE_DEBUG_INFO = YES;
				ONLY_ACTIVE_ARCH = YES;
				SDKROOT = iphoneos;
				TARGETED_DEVICE_FAMILY = "1,2";
			};
			name = Debug;
		};
		D0DEA76B1CEEAAF50036C7BA /* Release */ = {
			isa = XCBuildConfiguration;
			buildSettings = {
				ALWAYS_SEARCH_USER_PATHS = NO;
				CLANG_CXX_LANGUAGE_STANDARD = "gnu++0x";
				CLANG_CXX_LIBRARY = "libc++";
				CLANG_ENABLE_MODULES = YES;
				CLANG_ENABLE_OBJC_ARC = YES;
				CLANG_WARN_BOOL_CONVERSION = YES;
				CLANG_WARN_CONSTANT_CONVERSION = YES;
				CLANG_WARN_DIRECT_OBJC_ISA_USAGE = YES_ERROR;
				CLANG_WARN_EMPTY_BODY = YES;
				CLANG_WARN_ENUM_CONVERSION = YES;
				CLANG_WARN_INT_CONVERSION = YES;
				CLANG_WARN_OBJC_ROOT_CLASS = YES_ERROR;
				CLANG_WARN_UNREACHABLE_CODE = YES;
				CLANG_WARN__DUPLICATE_METHOD_MATCH = YES;
				"CODE_SIGN_IDENTITY[sdk=iphoneos*]" = "iPhone Developer";
				COPY_PHASE_STRIP = NO;
				DEBUG_INFORMATION_FORMAT = "dwarf-with-dsym";
				ENABLE_NS_ASSERTIONS = NO;
				ENABLE_STRICT_OBJC_MSGSEND = YES;
				GCC_C_LANGUAGE_STANDARD = gnu99;
				GCC_NO_COMMON_BLOCKS = YES;
				GCC_WARN_64_TO_32_BIT_CONVERSION = YES;
				GCC_WARN_ABOUT_RETURN_TYPE = YES_ERROR;
				GCC_WARN_UNDECLARED_SELECTOR = YES;
				GCC_WARN_UNINITIALIZED_AUTOS = YES_AGGRESSIVE;
				GCC_WARN_UNUSED_FUNCTION = YES;
				GCC_WARN_UNUSED_VARIABLE = YES;
				IPHONEOS_DEPLOYMENT_TARGET = 9.2;
				MTL_ENABLE_DEBUG_INFO = NO;
				SDKROOT = iphoneos;
				TARGETED_DEVICE_FAMILY = "1,2";
				VALIDATE_PRODUCT = YES;
			};
			name = Release;
		};
		D0DEA76D1CEEAAF50036C7BA /* Debug */ = {
			isa = XCBuildConfiguration;
			buildSettings = {
				ASSETCATALOG_COMPILER_APPICON_NAME = AppIcon;
				INFOPLIST_FILE = KLBaseTableView/Info.plist;
				LD_RUNPATH_SEARCH_PATHS = "$(inherited) @executable_path/Frameworks";
				PRODUCT_BUNDLE_IDENTIFIER = com.lht.KLBaseTableView;
				PRODUCT_NAME = "$(TARGET_NAME)";
			};
			name = Debug;
		};
		D0DEA76E1CEEAAF50036C7BA /* Release */ = {
			isa = XCBuildConfiguration;
			buildSettings = {
				ASSETCATALOG_COMPILER_APPICON_NAME = AppIcon;
				INFOPLIST_FILE = KLBaseTableView/Info.plist;
				LD_RUNPATH_SEARCH_PATHS = "$(inherited) @executable_path/Frameworks";
				PRODUCT_BUNDLE_IDENTIFIER = com.lht.KLBaseTableView;
				PRODUCT_NAME = "$(TARGET_NAME)";
			};
			name = Release;
		};
/* End XCBuildConfiguration section */

/* Begin XCConfigurationList section */
		D0DEA7501CEEAAF50036C7BA /* Build configuration list for PBXProject "KLBaseTableView" */ = {
			isa = XCConfigurationList;
			buildConfigurations = (
				D0DEA76A1CEEAAF50036C7BA /* Debug */,
				D0DEA76B1CEEAAF50036C7BA /* Release */,
			);
			defaultConfigurationIsVisible = 0;
			defaultConfigurationName = Release;
		};
		D0DEA76C1CEEAAF50036C7BA /* Build configuration list for PBXNativeTarget "KLBaseTableView" */ = {
			isa = XCConfigurationList;
			buildConfigurations = (
				D0DEA76D1CEEAAF50036C7BA /* Debug */,
				D0DEA76E1CEEAAF50036C7BA /* Release */,
			);
			defaultConfigurationIsVisible = 0;
			defaultConfigurationName = Release;
		};
/* End XCConfigurationList section */
	};
	rootObject = D0DEA74D1CEEAAF50036C7BA /* Project object */;
}
